
Microsoft Visual Studio Solution File, Format Version 12.00
# Visual Studio Version 17
VisualStudioVersion = 17.8.34601.278
MinimumVisualStudioVersion = 10.0.40219.1
Project("{FAE04EC0-301F-11D3-BF4B-00C04F79EFBC}") = "QLdiem", "QLdiem\QLdiem.csproj", "{49431E09-C572-4264-A96B-CD0FAA412C53}"
EndProject
Global
	GlobalSection(SolutionConfigurationPlatforms) = preSolution
		Debug|Any CPU = Debug|Any CPU
		Release|Any CPU = Release|Any CPU
	EndGlobalSection
	GlobalSection(ProjectConfigurationPlatforms) = postSolution
		{49431E09-C572-4264-A96B-CD0FAA412C53}.Debug|Any CPU.ActiveCfg = Debug|Any CPU
		{49431E09-C572-4264-A96B-CD0FAA412C53}.Debug|Any CPU.Build.0 = Debug|Any CPU
		{49431E09-C572-4264-A96B-CD0FAA412C53}.Release|Any CPU.ActiveCfg = Release|Any CPU
		{49431E09-C572-4264-A96B-CD0FAA412C53}.Release|Any CPU.Build.0 = Release|Any CPU
	EndGlobalSection
	GlobalSection(SolutionProperties) = preSolution
		HideSolutionNode = FALSE
	EndGlobalSection
	GlobalSection(ExtensibilityGlobals) = postSolution
		SolutionGuid = {104DF6A4-9B44-4117-B7B5-68FFED8C87A4}
	EndGlobalSection
EndGlobal
